version = 1
project = "lumen"
ir_kind = "ec"
ec_path = "apps/lumen/external-contracts"
inventory_path = "apps/lumen/external-contracts/pyproject.toml"
generated_at = "2026-08-01T05:19:09.363280+00:00"
ir_digest = "sha256:c4244bcc5bef320bb0cf950b6a55fbef99c201c39d9971cdf3e681a817793f12"
source_digest = "sha256:244884ebc3f3d1adae7b4d1f511cce246fcddd3a32f2671ce729d09e5e28a7d4"
tool_contracts = []

[[sources]]
path = "apps/lumen/external-contracts/pyproject.toml"
digest = "sha256:8676711cda55a0689c45e751f711d654f9956831ee76436385eb1a2da4d73a7b"

[[sources]]
path = "apps/lumen/external-contracts/src/ec-2879.py"
digest = "sha256:2f0370b2051b235a415376ba20526fa0b19b0fe0aaad82774fdb6c316121bcfc"

[[sources]]
path = "apps/lumen/external-contracts/src/redaction_auditor.py"
digest = "sha256:bb8698c92a363c8a5eb64d0d4510519ff1d178378fc490d8835ad69fc43acac3"

[[sources]]
path = "apps/lumen/external-contracts/src/runner.py"
digest = "sha256:9373a1bf24f35225f73fed97125c039881beb3a1f6eec3384049555f0b9f848d"

[[sources]]
path = "apps/lumen/external-contracts/uv.lock"
digest = "sha256:9bb1665e7d5dd960ebd8c50a713734aa3ea12db278d435ae0941ca4ebbedf2c5"

[[cases]]
id = "gke-ksa-rbac-authorization"
capability_id = "security-hardening"
claim_id = "gke-two-hop-ksa-rbac"
contract_id = "gke-ksa-rbac-authorization"
dimension = "security"
source_ref = "apps/lumen/external-contracts/pyproject.toml#case:gke-ksa-rbac-authorization"
test_path = "apps/lumen/external-contracts/src/ec-2879.py"
command = "gke-ksa-rbac-authorization"
required_for_production = true
assertions = [
    "A fresh, redacted GKE run proves that Google identities stop at kube-apiserver; only a short-lived, Lumen-audience client KSA reaches Lumen and receives the exact RBAC grant, with bounded issuer and Lumen authorization revocation.",
    "artifact: artifact:lumen/ksa-rbac-auth",
    "oracle: The real acceptance/gcp GKE harness observes kube-apiserver TokenRequest and SubjectAccessReview decisions, Lumen HTTP status responses, serving logs, and post-run Kubernetes/GCP cleanup. Historic bearer, Google, or human-auth evidence is input only and cannot satisfy this contract.",
    "target: rust",
]
evidence_digest = "sha256:d1bc88e20a22cb162b14e7a44cbf047fd8552be9bfd829602b67b071afd77888"
evaluator_digest = "sha256:e3b0c44298fc1c149afbf4c8996fb92427ae41e4649b934ca495991b7852b855"
digest = "sha256:1b2e3f4a45f92e7fafe918cf2f8dccadce78568691e1169cebf86afd80fd247b"
