version = 1
project = "lumen"
td_path = "projects/lumen/tech-design"
generated_at = "2026-06-15T05:24:41.347707+00:00"
digest = "sha256:257f747cc251cff80d5dc249e84662ecbcf627ea462398d022f7b609e9580ed4"

[[files]]
path = "interfaces/cli/lumen-cli-consolidation-single-binary-serve-spec-llm-k8s-operato.md"
digest = "sha256:bca0fa070edf28dcd5fbb71504f51629cf3acedb5cb75053455749587d284d96"

[[files]]
path = "semantic/lumen-benches.md"
digest = "sha256:22f832e0143f372030b6fe3ed2f595df33ece81145927791ce81cffcc8bba611"

[[files]]
path = "semantic/lumen-bin.md"
digest = "sha256:529a7f4b8fac86a5ff2fd8f372a20410d73dbd2e696dcdd35d39c49288db8f53"

[[files]]
path = "semantic/lumen-build-script.md"
digest = "sha256:6d47825d76401e5fb4db22117def4ff9712297c835bfdea0015b1d93bb32668f"

[[files]]
path = "semantic/lumen-examples.md"
digest = "sha256:30c1164b9a30035c114e85068a62e83e3f36129f907de131082b5468ff701934"

[[files]]
path = "semantic/lumen-install-script.md"
digest = "sha256:f9623e29a16333261a3e82fa9cb4b4bc772a0026707ccaf23af1fa230e6b0f07"

[[files]]
path = "semantic/lumen-k8s-base.md"
digest = "sha256:2a5ede34594088ebbccfe7bb8e71d501d24b2c9d044a4aa7d5b8d031e003abc1"

[[files]]
path = "semantic/lumen-k8s-components-observability.md"
digest = "sha256:14db832148e9e8b1b55e18f773986d4aea36dd605f12f96fa20dbc9c37d8eda3"

[[files]]
path = "semantic/lumen-k8s-operator.md"
digest = "sha256:877971fd2b531f5d4c45bb3dbcbd7d845add0c507f21e19bf996d5942bd0da37"

[[files]]
path = "semantic/lumen-k8s-overlays-dev.md"
digest = "sha256:7eadbb1497bce0453546e98126b2a66830233a97c81b3bbc8506dc5233e38993"

[[files]]
path = "semantic/lumen-k8s-overlays-prod.md"
digest = "sha256:ddb792c3b3b7f92c865ad50b99381f7e680f91eff371342ca8e3d16da69e6957"

[[files]]
path = "semantic/lumen-k8s-overlays-staging.md"
digest = "sha256:8bbbea4f875b901e0f6923f5bf3ef99ff130a3ce9b10a9b1e2567d099fa17e57"

[[files]]
path = "semantic/lumen-k8s-overlays-template.md"
digest = "sha256:631a47d21c98ae327572cc509ce319fffbc1574d4f7457bc707db05667955076"

[[files]]
path = "semantic/lumen-operator.md"
digest = "sha256:1b1d765bb701d6c7445f535ad27d029279dbf0c5ade03bfc8e96e27a400114f2"

[[files]]
path = "semantic/lumen-projects-lumen.md"
digest = "sha256:9754d126d1ad168271917b740d61cb6c9ee8df92ed4c6ad6c2e1bc39b8766268"

[[files]]
path = "semantic/lumen-runtime-image.md"
digest = "sha256:d90fe6d2c643ef458fbdb20a10201a18fa7786d09983722b07344bf1e4378194"

[[files]]
path = "semantic/lumen-scripts.md"
digest = "sha256:7a014458bef4fdbc78672e6b8c14b6c8991cfcb4c90f968383eec9b294db6d46"

[[files]]
path = "semantic/lumen-src.md"
digest = "sha256:2c98711f7123883df29ff824d0ac5e457b8f4f5707d734313d4dc9ffdf9491fe"

[[files]]
path = "semantic/lumen-tests.md"
digest = "sha256:3037512b945c439f47ea59f887f6ad1f26312219fc5a4f11ed5f164efed1036d"
